
Microsoft Visual Studio Solution File, Format Version 12.00
# Visual Studio 15
VisualStudioVersion = 15.0.28010.2050
MinimumVisualStudioVersion = 10.0.40219.1
Project("{9A19103F-16F7-4668-BE54-9A1E7A4F7556}") = "SbAdminCore.Web", "SbAdminCore.Web\SbAdminCore.Web.csproj", "{06541C0D-2341-4E4B-825D-8DA0B8B160B7}"
EndProject
Project("{2150E333-8FDC-42A3-9474-1A3956D46DE8}") = "Solution Items", "Solution Items", "{3A3114AF-D4EA-429C-AE33-3601DE33C320}"
	ProjectSection(SolutionItems) = preProject
		README.md = README.md
	EndProjectSection
EndProject
Global
	GlobalSection(SolutionConfigurationPlatforms) = preSolution
		Debug|Any CPU = Debug|Any CPU
		Release|Any CPU = Release|Any CPU
	EndGlobalSection
	GlobalSection(ProjectConfigurationPlatforms) = postSolution
		{06541C0D-2341-4E4B-825D-8DA0B8B160B7}.Debug|Any CPU.ActiveCfg = Debug|Any CPU
		{06541C0D-2341-4E4B-825D-8DA0B8B160B7}.Debug|Any CPU.Build.0 = Debug|Any CPU
		{06541C0D-2341-4E4B-825D-8DA0B8B160B7}.Release|Any CPU.ActiveCfg = Release|Any CPU
		{06541C0D-2341-4E4B-825D-8DA0B8B160B7}.Release|Any CPU.Build.0 = Release|Any CPU
	EndGlobalSection
	GlobalSection(SolutionProperties) = preSolution
		HideSolutionNode = FALSE
	EndGlobalSection
	GlobalSection(ExtensibilityGlobals) = postSolution
		SolutionGuid = {60781B23-116A-4257-A7F1-B58E0E449444}
	EndGlobalSection
EndGlobal
